
Microsoft Visual Studio Solution File, Format Version 12.00
# Visual Studio Version 16
VisualStudioVersion = 16.0.31624.102
MinimumVisualStudioVersion = 10.0.40219.1
Project("{9A19103F-16F7-4668-BE54-9A1E7A4F7556}") = "CurrentWeather", "TEST\CurrentWeather.csproj", "{2D2CFFC2-8E09-4446-813E-92A0450C0B41}"
EndProject
Project("{FAE04EC0-301F-11D3-BF4B-00C04F79EFBC}") = "CurrentWeatherTests", "CurrentWeatherTests\CurrentWeatherTests.csproj", "{6604DE36-FE32-4771-9529-A92421B7DADB}"
EndProject
Global
	GlobalSection(SolutionConfigurationPlatforms) = preSolution
		Debug|Any CPU = Debug|Any CPU
		Release|Any CPU = Release|Any CPU
	EndGlobalSection
	GlobalSection(ProjectConfigurationPlatforms) = postSolution
		{2D2CFFC2-8E09-4446-813E-92A0450C0B41}.Debug|Any CPU.ActiveCfg = Debug|Any CPU
		{2D2CFFC2-8E09-4446-813E-92A0450C0B41}.Debug|Any CPU.Build.0 = Debug|Any CPU
		{2D2CFFC2-8E09-4446-813E-92A0450C0B41}.Release|Any CPU.ActiveCfg = Release|Any CPU
		{2D2CFFC2-8E09-4446-813E-92A0450C0B41}.Release|Any CPU.Build.0 = Release|Any CPU
		{6604DE36-FE32-4771-9529-A92421B7DADB}.Debug|Any CPU.ActiveCfg = Debug|Any CPU
		{6604DE36-FE32-4771-9529-A92421B7DADB}.Debug|Any CPU.Build.0 = Debug|Any CPU
		{6604DE36-FE32-4771-9529-A92421B7DADB}.Release|Any CPU.ActiveCfg = Release|Any CPU
		{6604DE36-FE32-4771-9529-A92421B7DADB}.Release|Any CPU.Build.0 = Release|Any CPU
	EndGlobalSection
	GlobalSection(SolutionProperties) = preSolution
		HideSolutionNode = FALSE
	EndGlobalSection
	GlobalSection(ExtensibilityGlobals) = postSolution
		SolutionGuid = {850C13B8-31C5-45C6-9621-C5582EE39EA7}
	EndGlobalSection
EndGlobal
